{
    "_meta": {
        "hash": {
            "sha256": "ac96d88ec76f05dac404b16af8e8fbf96af5fa4be87710c2da217d296e0fa0f5"
        },
        "pipfile-spec": 6,
        "requires": {
            "python_version": "3.6"
        },
        "sources": [
            {
                "name": "pypi",
                "url": "https://pypi.org/simple",
                "verify_ssl": true
            }
        ]
    },
    "default": {
        "plotly": {
            "hashes": [
                "sha256:0f0cd50a8bad5acadfc95af367820da8ed3e1569d83ef13bb218cc4259dcf219",
                "sha256:b1ff1f29dffca9085847dcb3b8a92d4c3750c433996cf620b0b3c9dcf8a7b268"
            ],
            "index": "pypi",
            "version": "==4.1.1"
        },
        "retrying": {
            "hashes": [
                "sha256:08c039560a6da2fe4f2c426d0766e284d3b736e355f8dd24b37367b0bb41973b"
            ],
            "version": "==1.3.3"
        },
        "six": {
            "hashes": [
                "sha256:3350809f0555b11f552448330d0b52d5f24c91a322ea4a15ef22629740f3761c",
                "sha256:d16a0141ec1a18405cd4ce8b4613101da75da0e9a7aec5bdd4fa804d0e0eba73"
            ],
            "version": "==1.12.0"
        }
    },
    "develop": {}
}
